{
  "originHash" : "27b9a76f8c8ff2c2e5553144c54090879ec0ebb0742d0bffb6291281613970db",
  "pins" : [
    {
      "identity" : "cgeventsupervisor",
      "kind" : "remoteSourceControl",
      "location" : "https://github.com/stephancasas/CGEventSupervisor",
      "state" : {
        "branch" : "main",
        "revision" : "d20d7aa8e008a1cc8dd2e26b027118a0fcfc2f96"
      }
    }
  ],
  "version" : 3
}
